Microsoft Visual Studio Solution File, Format Version 12.00
Project("{9A19103F-16F7-4668-BE54-9A1E7A4F7556}") = "FileSystemStatApp", "FileSystemStatApp\FileSystemStatApp.csproj", "{F6068A63-D21A-425F-AE4A-2D832980E015}"
EndProject
Project("{9A19103F-16F7-4668-BE54-9A1E7A4F7556}") = "FileSystemStatsService", "FileSystemService\FileSystemStatsService.csproj", "{83964C85-A37D-4E27-A8A4-CBDFA0978BBF}"
EndProject
Project("{9A19103F-16F7-4668-BE54-9A1E7A4F7556}") = "FileSystemStatsServiceTests", "FileSystemStatsServiceTests\FileSystemStatsServiceTests.csproj", "{1C03E40A-768F-4C0B-BCA2-01E104A2D012}"
EndProject
Global
	GlobalSection(SolutionConfigurationPlatforms) = preSolution
		Debug|Any CPU = Debug|Any CPU
		Release|Any CPU = Release|Any CPU
	EndGlobalSection
	GlobalSection(ProjectConfigurationPlatforms) = postSolution
		{F6068A63-D21A-425F-AE4A-2D832980E015}.Debug|Any CPU.ActiveCfg = Debug|Any CPU
		{F6068A63-D21A-425F-AE4A-2D832980E015}.Debug|Any CPU.Build.0 = Debug|Any CPU
		{F6068A63-D21A-425F-AE4A-2D832980E015}.Release|Any CPU.ActiveCfg = Release|Any CPU
		{F6068A63-D21A-425F-AE4A-2D832980E015}.Release|Any CPU.Build.0 = Release|Any CPU
		{83964C85-A37D-4E27-A8A4-CBDFA0978BBF}.Debug|Any CPU.ActiveCfg = Debug|Any CPU
		{83964C85-A37D-4E27-A8A4-CBDFA0978BBF}.Debug|Any CPU.Build.0 = Debug|Any CPU
		{83964C85-A37D-4E27-A8A4-CBDFA0978BBF}.Release|Any CPU.ActiveCfg = Release|Any CPU
		{83964C85-A37D-4E27-A8A4-CBDFA0978BBF}.Release|Any CPU.Build.0 = Release|Any CPU
		{1C03E40A-768F-4C0B-BCA2-01E104A2D012}.Debug|Any CPU.ActiveCfg = Debug|Any CPU
		{1C03E40A-768F-4C0B-BCA2-01E104A2D012}.Debug|Any CPU.Build.0 = Debug|Any CPU
		{1C03E40A-768F-4C0B-BCA2-01E104A2D012}.Release|Any CPU.ActiveCfg = Release|Any CPU
		{1C03E40A-768F-4C0B-BCA2-01E104A2D012}.Release|Any CPU.Build.0 = Release|Any CPU
	EndGlobalSection
	GlobalSection(SolutionProperties) = preSolution
		HideSolutionNode = FALSE
	EndGlobalSection
	GlobalSection(ExtensibilityGlobals) = postSolution
		SolutionGuid = {E85A2F9C-41F4-4B97-AE13-8415617A5EC8}
	EndGlobalSection
EndGlobal
