
Microsoft Visual Studio Solution File, Format Version 12.00
# Visual Studio Version 17
VisualStudioVersion = 17.0.32112.339
MinimumVisualStudioVersion = 10.0.40219.1
Project("{FAE04EC0-301F-11D3-BF4B-00C04F79EFBC}") = "FileSystemStatApp", "FileSystemStatApp\FileSystemStatApp.csproj", "{F6068A63-D21A-425F-AE4A-2D832980E015}"
EndProject
Project("{FAE04EC0-301F-11D3-BF4B-00C04F79EFBC}") = "FileSystemStatsService", "FileSystemService\FileSystemStatsService.csproj", "{83964C85-A37D-4E27-A8A4-CBDFA0978BBF}"
EndProject
Project("{FAE04EC0-301F-11D3-BF4B-00C04F79EFBC}") = "FileSystemStatAppTests", "FileSystemStatAppTests\FileSystemStatAppTests.csproj", "{7AED5F13-9E55-4C60-B394-55A4DE9C0D7B}"
EndProject
Global
	GlobalSection(SolutionConfigurationPlatforms) = preSolution
		Debug|Any CPU = Debug|Any CPU
		Release|Any CPU = Release|Any CPU
	EndGlobalSection
	GlobalSection(ProjectConfigurationPlatforms) = postSolution
		{F6068A63-D21A-425F-AE4A-2D832980E015}.Debug|Any CPU.ActiveCfg = Debug|Any CPU
		{F6068A63-D21A-425F-AE4A-2D832980E015}.Debug|Any CPU.Build.0 = Debug|Any CPU
		{F6068A63-D21A-425F-AE4A-2D832980E015}.Release|Any CPU.ActiveCfg = Release|Any CPU
		{F6068A63-D21A-425F-AE4A-2D832980E015}.Release|Any CPU.Build.0 = Release|Any CPU
		{83964C85-A37D-4E27-A8A4-CBDFA0978BBF}.Debug|Any CPU.ActiveCfg = Debug|Any CPU
		{83964C85-A37D-4E27-A8A4-CBDFA0978BBF}.Debug|Any CPU.Build.0 = Debug|Any CPU
		{83964C85-A37D-4E27-A8A4-CBDFA0978BBF}.Release|Any CPU.ActiveCfg = Release|Any CPU
		{83964C85-A37D-4E27-A8A4-CBDFA0978BBF}.Release|Any CPU.Build.0 = Release|Any CPU
		{7AED5F13-9E55-4C60-B394-55A4DE9C0D7B}.Debug|Any CPU.ActiveCfg = Debug|Any CPU
		{7AED5F13-9E55-4C60-B394-55A4DE9C0D7B}.Debug|Any CPU.Build.0 = Debug|Any CPU
		{7AED5F13-9E55-4C60-B394-55A4DE9C0D7B}.Release|Any CPU.ActiveCfg = Release|Any CPU
		{7AED5F13-9E55-4C60-B394-55A4DE9C0D7B}.Release|Any CPU.Build.0 = Release|Any CPU
	EndGlobalSection
	GlobalSection(SolutionProperties) = preSolution
		HideSolutionNode = FALSE
	EndGlobalSection
	GlobalSection(ExtensibilityGlobals) = postSolution
		SolutionGuid = {E85A2F9C-41F4-4B97-AE13-8415617A5EC8}
	EndGlobalSection
EndGlobal
